// !$*UTF8*$!
{
	archiveVersion = 1;
	classes = {
	};
	objectVersion = 46;
	objects = {

/* Begin PBXBuildFile section */
		B340B8B01DEC0E0700E777E0 /* main.m in Sources */ = {isa = PBXBuildFile; fileRef = B340B8AF1DEC0E0700E777E0 /* main.m */; };
		B340B8B31DEC0E0700E777E0 /* AppDelegate.m in Sources */ = {isa = PBXBuildFile; fileRef = B340B8B21DEC0E0700E777E0 /* AppDelegate.m */; };
		B340B8B61DEC0E0700E777E0 /* ViewController.m in Sources */ = {isa = PBXBuildFile; fileRef = B340B8B51DEC0E0700E777E0 /* ViewController.m */; };
		B340B8B91DEC0E0700E777E0 /* Main.storyboard in Resources */ = {isa = PBXBuildFile; fileRef = B340B8B71DEC0E0700E777E0 /* Main.storyboard */; };
		B340B8BB1DEC0E0700E777E0 /* Assets.xcassets in Resources */ = {isa = PBXBuildFile; fileRef = B340B8BA1DEC0E0700E777E0 /* Assets.xcassets */; };
		B340B8BE1DEC0E0700E777E0 /* LaunchScreen.storyboard in Resources */ = {isa = PBXBuildFile; fileRef = B340B8BC1DEC0E0700E777E0 /* LaunchScreen.storyboard */; };
/* End PBXBuildFile section */

/* Begin PBXFileReference section */
		B340B8AB1DEC0E0700E777E0 /* LLCarIndexDemo.app */ = {isa = PBXFileReference; explicitFileType = wrapper.application; includeInIndex = 0; path = LLCarIndexDemo.app; sourceTree = BUILT_PRODUCTS_DIR; };
		B340B8AF1DEC0E0700E777E0 /* main.m */ = {isa = PBXFileReference; lastKnownFileType = sourcecode.c.objc; path = main.m; sourceTree = "<group>"; };
		B340B8B11DEC0E0700E777E0 /* AppDelegate.h */ = {isa = PBXFileReference; lastKnownFileType = sourcecode.c.h; path = AppDelegate.h; sourceTree = "<group>"; };
		B340B8B21DEC0E0700E777E0 /* AppDelegate.m */ = {isa = PBXFileReference; lastKnownFileType = sourcecode.c.objc; path = AppDelegate.m; sourceTree = "<group>"; };
		B340B8B41DEC0E0700E777E0 /* ViewController.h */ = {isa = PBXFileReference; lastKnownFileType = sourcecode.c.h; path = ViewController.h; sourceTree = "<group>"; };
		B340B8B51DEC0E0700E777E0 /* ViewController.m */ = {isa = PBXFileReference; lastKnownFileType = sourcecode.c.objc; path = ViewController.m; sourceTree = "<group>"; };
		B340B8B81DEC0E0700E777E0 /* Base */ = {isa = PBXFileReference; lastKnownFileType = file.storyboard; name = Base; path = Base.lproj/Main.storyboard; sourceTree = "<group>"; };
		B340B8BA1DEC0E0700E777E0 /* Assets.xcassets */ = {isa = PBXFileReference; lastKnownFileType = folder.assetcatalog; path = Assets.xcassets; sourceTree = "<group>"; };
		B340B8BD1DEC0E0700E777E0 /* Base */ = {isa = PBXFileReference; lastKnownFileType = file.storyboard; name = Base; path = Base.lproj/LaunchScreen.storyboard; sourceTree = "<group>"; };
		B340B8BF1DEC0E0700E777E0 /* Info.plist */ = {isa = PBXFileReference; lastKnownFileType = text.plist.xml; path = Info.plist; sourceTree = "<group>"; };
/* End PBXFileReference section */

/* Begin PBXFrameworksBuildPhase section */
		B340B8A81DEC0E0700E777E0 /* Frameworks */ = {
			isa = PBXFrameworksBuildPhase;
			buildActionMask = 2147483647;
			files = (
			);
			runOnlyForDeploymentPostprocessing = 0;
		};
/* End PBXFrameworksBuildPhase section */

/* Begin PBXGroup section */
		B340B8A21DEC0E0600E777E0 = {
			isa = PBXGroup;
			children = (
				B340B8AD1DEC0E0700E777E0 /* LLCarIndexDemo */,
				B340B8AC1DEC0E0700E777E0 /* Products */,
			);
			sourceTree = "<group>";
		};
		B340B8AC1DEC0E0700E777E0 /* Products */ = {
			isa = PBXGroup;
			children = (
				B340B8AB1DEC0E0700E777E0 /* LLCarIndexDemo.app */,
			);
			name = Products;
			sourceTree = "<group>";
		};
		B340B8AD1DEC0E0700E777E0 /* LLCarIndexDemo */ = {
			isa = PBXGroup;
			children = (
				B340B8B11DEC0E0700E777E0 /* AppDelegate.h */,
				B340B8B21DEC0E0700E777E0 /* AppDelegate.m */,
				B340B8B41DEC0E0700E777E0 /* ViewController.h */,
				B340B8B51DEC0E0700E777E0 /* ViewController.m */,
				B340B8B71DEC0E0700E777E0 /* Main.storyboard */,
				B340B8BA1DEC0E0700E777E0 /* Assets.xcassets */,
				B340B8BC1DEC0E0700E777E0 /* LaunchScreen.storyboard */,
				B340B8BF1DEC0E0700E777E0 /* Info.plist */,
				B340B8AE1DEC0E0700E777E0 /* Supporting Files */,
			);
			path = LLCarIndexDemo;
			sourceTree = "<group>";
		};
		B340B8AE1DEC0E0700E777E0 /* Supporting Files */ = {
			isa = PBXGroup;
			children = (
				B340B8AF1DEC0E0700E777E0 /* main.m */,
			);
			name = "Supporting Files";
			sourceTree = "<group>";
		};
/* End PBXGroup section */

/* Begin PBXNativeTarget section */
		B340B8AA1DEC0E0700E777E0 /* LLCarIndexDemo */ = {
			isa = PBXNativeTarget;
			buildConfigurationList = B340B8C21DEC0E0700E777E0 /* Build configuration list for PBXNativeTarget "LLCarIndexDemo" */;
			buildPhases = (
				B340B8A71DEC0E0700E777E0 /* Sources */,
				B340B8A81DEC0E0700E777E0 /* Frameworks */,
				B340B8A91DEC0E0700E777E0 /* Resources */,
			);
			buildRules = (
			);
			dependencies = (
			);
			name = LLCarIndexDemo;
			productName = LLCarIndexDemo;
			productReference = B340B8AB1DEC0E0700E777E0 /* LLCarIndexDemo.app */;
			productType = "com.apple.product-type.application";
		};
/* End PBXNativeTarget section */

/* Begin PBXProject section */
		B340B8A31DEC0E0600E777E0 /* Project object */ = {
			isa = PBXProject;
			attributes = {
				LastUpgradeCheck = 0730;
				ORGANIZATIONNAME = Leo;
				TargetAttributes = {
					B340B8AA1DEC0E0700E777E0 = {
						CreatedOnToolsVersion = 7.3;
					};
				};
			};
			buildConfigurationList = B340B8A61DEC0E0600E777E0 /* Build configuration list for PBXProject "LLCarIndexDemo" */;
			compatibilityVersion = "Xcode 3.2";
			developmentRegion = English;
			hasScannedForEncodings = 0;
			knownRegions = (
				en,
				Base,
			);
			mainGroup = B340B8A21DEC0E0600E777E0;
			productRefGroup = B340B8AC1DEC0E0700E777E0 /* Products */;
			projectDirPath = "";
			projectRoot = "";
			targets = (
				B340B8AA1DEC0E0700E777E0 /* LLCarIndexDemo */,
			);
		};
/* End PBXProject section */

/* Begin PBXResourcesBuildPhase section */
		B340B8A91DEC0E0700E777E0 /* Resources */ = {
			isa = PBXResourcesBuildPhase;
			buildActionMask = 2147483647;
			files = (
				B340B8BE1DEC0E0700E777E0 /* LaunchScreen.storyboard in Resources */,
				B340B8BB1DEC0E0700E777E0 /* Assets.xcassets in Resources */,
				B340B8B91DEC0E0700E777E0 /* Main.storyboard in Resources */,
			);
			runOnlyForDeploymentPostprocessing = 0;
		};
/* End PBXResourcesBuildPhase section */

/* Begin PBXSourcesBuildPhase section */
		B340B8A71DEC0E0700E777E0 /* Sources */ = {
			isa = PBXSourcesBuildPhase;
			buildActionMask = 2147483647;
			files = (
				B340B8B61DEC0E0700E777E0 /* ViewController.m in Sources */,
				B340B8B31DEC0E0700E777E0 /* AppDelegate.m in Sources */,
				B340B8B01DEC0E0700E777E0 /* main.m in Sources */,
			);
			runOnlyForDeploymentPostprocessing = 0;
		};
/* End PBXSourcesBuildPhase section */

/* Begin PBXVariantGroup section */
		B340B8B71DEC0E0700E777E0 /* Main.storyboard */ = {
			isa = PBXVariantGroup;
			children = (
				B340B8B81DEC0E0700E777E0 /* Base */,
			);
			name = Main.storyboard;
			sourceTree = "<group>";
		};
		B340B8BC1DEC0E0700E777E0 /* LaunchScreen.storyboard */ = {
			isa = PBXVariantGroup;
			children = (
				B340B8BD1DEC0E0700E777E0 /* Base */,
			);
			name = LaunchScreen.storyboard;
			sourceTree = "<group>";
		};
/* End PBXVariantGroup section */

/* Begin XCBuildConfiguration section */
		B340B8C01DEC0E0700E777E0 /* Debug */ = {
			isa = XCBuildConfiguration;
			buildSettings = {
				ALWAYS_SEARCH_USER_PATHS = NO;
				CLANG_ANALYZER_NONNULL = YES;
				CLANG_CXX_LANGUAGE_STANDARD = "gnu++0x";
				CLANG_CXX_LIBRARY = "libc++";
				CLANG_ENABLE_MODULES = YES;
				CLANG_ENABLE_OBJC_ARC = YES;
				CLANG_WARN_BOOL_CONVERSION = YES;
				CLANG_WARN_CONSTANT_CONVERSION = YES;
				CLANG_WARN_DIRECT_OBJC_ISA_USAGE = YES_ERROR;
				CLANG_WARN_EMPTY_BODY = YES;
				CLANG_WARN_ENUM_CONVERSION = YES;
				CLANG_WARN_INT_CONVERSION = YES;
				CLANG_WARN_OBJC_ROOT_CLASS = YES_ERROR;
				CLANG_WARN_UNREACHABLE_CODE = YES;
				CLANG_WARN__DUPLICATE_METHOD_MATCH = YES;
				"CODE_SIGN_IDENTITY[sdk=iphoneos*]" = "iPhone Developer";
				COPY_PHASE_STRIP = NO;
				DEBUG_INFORMATION_FORMAT = dwarf;
				ENABLE_STRICT_OBJC_MSGSEND = YES;
				ENABLE_TESTABILITY = YES;
				GCC_C_LANGUAGE_STANDARD = gnu99;
				GCC_DYNAMIC_NO_PIC = NO;
				GCC_NO_COMMON_BLOCKS = YES;
				GCC_OPTIMIZATION_LEVEL = 0;
				GCC_PREPROCESSOR_DEFINITIONS = (
					"DEBUG=1",
					"$(inherited)",
				);
				GCC_WARN_64_TO_32_BIT_CONVERSION = YES;
				GCC_WARN_ABOUT_RETURN_TYPE = YES_ERROR;
				GCC_WARN_UNDECLARED_SELECTOR = YES;
				GCC_WARN_UNINITIALIZED_AUTOS = YES_AGGRESSIVE;
				GCC_WARN_UNUSED_FUNCTION = YES;
				GCC_WARN_UNUSED_VARIABLE = YES;
				IPHONEOS_DEPLOYMENT_TARGET = 9.3;
				MTL_ENABLE_DEBUG_INFO = YES;
				ONLY_ACTIVE_ARCH = YES;
				SDKROOT = iphoneos;
			};
			name = Debug;
		};
		B340B8C11DEC0E0700E777E0 /* Release */ = {
			isa = XCBuildConfiguration;
			buildSettings = {
				ALWAYS_SEARCH_USER_PATHS = NO;
				CLANG_ANALYZER_NONNULL = YES;
				CLANG_CXX_LANGUAGE_STANDARD = "gnu++0x";
				CLANG_CXX_LIBRARY = "libc++";
				CLANG_ENABLE_MODULES = YES;
				CLANG_ENABLE_OBJC_ARC = YES;
				CLANG_WARN_BOOL_CONVERSION = YES;
				CLANG_WARN_CONSTANT_CONVERSION = YES;
				CLANG_WARN_DIRECT_OBJC_ISA_USAGE = YES_ERROR;
				CLANG_WARN_EMPTY_BODY = YES;
				CLANG_WARN_ENUM_CONVERSION = YES;
				CLANG_WARN_INT_CONVERSION = YES;
				CLANG_WARN_OBJC_ROOT_CLASS = YES_ERROR;
				CLANG_WARN_UNREACHABLE_CODE = YES;
				CLANG_WARN__DUPLICATE_METHOD_MATCH = YES;
				"CODE_SIGN_IDENTITY[sdk=iphoneos*]" = "iPhone Developer";
				COPY_PHASE_STRIP = NO;
				DEBUG_INFORMATION_FORMAT = "dwarf-with-dsym";
				ENABLE_NS_ASSERTIONS = NO;
				ENABLE_STRICT_OBJC_MSGSEND = YES;
				GCC_C_LANGUAGE_STANDARD = gnu99;
				GCC_NO_COMMON_BLOCKS = YES;
				GCC_WARN_64_TO_32_BIT_CONVERSION = YES;
				GCC_WARN_ABOUT_RETURN_TYPE = YES_ERROR;
				GCC_WARN_UNDECLARED_SELECTOR = YES;
				GCC_WARN_UNINITIALIZED_AUTOS = YES_AGGRESSIVE;
				GCC_WARN_UNUSED_FUNCTION = YES;
				GCC_WARN_UNUSED_VARIABLE = YES;
				IPHONEOS_DEPLOYMENT_TARGET = 9.3;
				MTL_ENABLE_DEBUG_INFO = NO;
				SDKROOT = iphoneos;
				VALIDATE_PRODUCT = YES;
			};
			name = Release;
		};
		B340B8C31DEC0E0700E777E0 /* Debug */ = {
			isa = XCBuildConfiguration;
			buildSettings = {
				ASSETCATALOG_COMPILER_APPICON_NAME = AppIcon;
				INFOPLIST_FILE = LLCarIndexDemo/Info.plist;
				LD_RUNPATH_SEARCH_PATHS = "$(inherited) @executable_path/Frameworks";
				PRODUCT_BUNDLE_IDENTIFIER = com.Leo.LLCarIndexDemo;
				PRODUCT_NAME = "$(TARGET_NAME)";
			};
			name = Debug;
		};
		B340B8C41DEC0E0700E777E0 /* Release */ = {
			isa = XCBuildConfiguration;
			buildSettings = {
				ASSETCATALOG_COMPILER_APPICON_NAME = AppIcon;
				INFOPLIST_FILE = LLCarIndexDemo/Info.plist;
				LD_RUNPATH_SEARCH_PATHS = "$(inherited) @executable_path/Frameworks";
				PRODUCT_BUNDLE_IDENTIFIER = com.Leo.LLCarIndexDemo;
				PRODUCT_NAME = "$(TARGET_NAME)";
			};
			name = Release;
		};
/* End XCBuildConfiguration section */

/* Begin XCConfigurationList section */
		B340B8A61DEC0E0600E777E0 /* Build configuration list for PBXProject "LLCarIndexDemo" */ = {
			isa = XCConfigurationList;
			buildConfigurations = (
				B340B8C01DEC0E0700E777E0 /* Debug */,
				B340B8C11DEC0E0700E777E0 /* Release */,
			);
			defaultConfigurationIsVisible = 0;
			defaultConfigurationName = Release;
		};
		B340B8C21DEC0E0700E777E0 /* Build configuration list for PBXNativeTarget "LLCarIndexDemo" */ = {
			isa = XCConfigurationList;
			buildConfigurations = (
				B340B8C31DEC0E0700E777E0 /* Debug */,
				B340B8C41DEC0E0700E777E0 /* Release */,
			);
			defaultConfigurationIsVisible = 0;
		};
/* End XCConfigurationList section */
	};
	rootObject = B340B8A31DEC0E0600E777E0 /* Project object */;
}
